// !$*UTF8*$!
{
	archiveVersion = 1;
	classes = {
	};
	objectVersion = 55;
	objects = {

/* Begin PBXBuildFile section */
		1B5F53492759F6AD004D1BC5 /* Day3Part1.swift in Sources */ = {isa = PBXBuildFile; fileRef = 1B5F53482759F6AD004D1BC5 /* Day3Part1.swift */; };
		1B5F534A2759F6AD004D1BC5 /* Day3Part1.swift in Sources */ = {isa = PBXBuildFile; fileRef = 1B5F53482759F6AD004D1BC5 /* Day3Part1.swift */; };
		1B5F534C2759F6B7004D1BC5 /* Day3Input.swift in Sources */ = {isa = PBXBuildFile; fileRef = 1B5F534B2759F6B7004D1BC5 /* Day3Input.swift */; };
		1B5F534D2759F6B7004D1BC5 /* Day3Input.swift in Sources */ = {isa = PBXBuildFile; fileRef = 1B5F534B2759F6B7004D1BC5 /* Day3Input.swift */; };
		1B5F534F2759F6C1004D1BC5 /* Day3Part2.swift in Sources */ = {isa = PBXBuildFile; fileRef = 1B5F534E2759F6C1004D1BC5 /* Day3Part2.swift */; };
		1B5F53502759F6C1004D1BC5 /* Day3Part2.swift in Sources */ = {isa = PBXBuildFile; fileRef = 1B5F534E2759F6C1004D1BC5 /* Day3Part2.swift */; };
		1B5F53532759F6E6004D1BC5 /* Day3Test.swift in Sources */ = {isa = PBXBuildFile; fileRef = 1B5F53512759F6E6004D1BC5 /* Day3Test.swift */; };
		1B5F5356275BA81F004D1BC5 /* Day4Part1.swift in Sources */ = {isa = PBXBuildFile; fileRef = 1B5F5355275BA81F004D1BC5 /* Day4Part1.swift */; };
		1B5F5357275BA81F004D1BC5 /* Day4Part1.swift in Sources */ = {isa = PBXBuildFile; fileRef = 1B5F5355275BA81F004D1BC5 /* Day4Part1.swift */; };
		1B5F5359275BA82E004D1BC5 /* Day4Input.swift in Sources */ = {isa = PBXBuildFile; fileRef = 1B5F5358275BA82E004D1BC5 /* Day4Input.swift */; };
		1B5F535A275BA82E004D1BC5 /* Day4Input.swift in Sources */ = {isa = PBXBuildFile; fileRef = 1B5F5358275BA82E004D1BC5 /* Day4Input.swift */; };
		1B5F535C275BA836004D1BC5 /* Day4Part2.swift in Sources */ = {isa = PBXBuildFile; fileRef = 1B5F535B275BA836004D1BC5 /* Day4Part2.swift */; };
		1B5F535D275BA836004D1BC5 /* Day4Part2.swift in Sources */ = {isa = PBXBuildFile; fileRef = 1B5F535B275BA836004D1BC5 /* Day4Part2.swift */; };
		1B5F535F275BAFAD004D1BC5 /* Day4Test.swift in Sources */ = {isa = PBXBuildFile; fileRef = 1B5F535E275BAFAD004D1BC5 /* Day4Test.swift */; };
		1B5F5361275BBBAF004D1BC5 /* BingoCard.swift in Sources */ = {isa = PBXBuildFile; fileRef = 1B5F5360275BBBAF004D1BC5 /* BingoCard.swift */; };
		1B5F5362275BBD27004D1BC5 /* BingoCard.swift in Sources */ = {isa = PBXBuildFile; fileRef = 1B5F5360275BBBAF004D1BC5 /* BingoCard.swift */; };
		1B5F5365275CC7C0004D1BC5 /* Field2D.swift in Sources */ = {isa = PBXBuildFile; fileRef = 1B5F5364275CC7C0004D1BC5 /* Field2D.swift */; };
		1B5F5366275CC7C1004D1BC5 /* Field2D.swift in Sources */ = {isa = PBXBuildFile; fileRef = 1B5F5364275CC7C0004D1BC5 /* Field2D.swift */; };
		1B5F5369275CC99E004D1BC5 /* Field2DTest.swift in Sources */ = {isa = PBXBuildFile; fileRef = 1B5F5367275CC99E004D1BC5 /* Field2DTest.swift */; };
		1B7DDA1F27632F4300F292D6 /* Day10Input.swift in Sources */ = {isa = PBXBuildFile; fileRef = 1B7DDA1E27632F4300F292D6 /* Day10Input.swift */; };
		1B7DDA2127632F7600F292D6 /* Day10Test.swift in Sources */ = {isa = PBXBuildFile; fileRef = 1B7DDA2027632F7600F292D6 /* Day10Test.swift */; };
		1B7DDA2327632FAF00F292D6 /* Day10Part1.swift in Sources */ = {isa = PBXBuildFile; fileRef = 1B7DDA2227632FAF00F292D6 /* Day10Part1.swift */; };
		1B7DDA2427632FB100F292D6 /* Day10Part1.swift in Sources */ = {isa = PBXBuildFile; fileRef = 1B7DDA2227632FAF00F292D6 /* Day10Part1.swift */; };
		1B7DDA2527632FB400F292D6 /* Day10Input.swift in Sources */ = {isa = PBXBuildFile; fileRef = 1B7DDA1E27632F4300F292D6 /* Day10Input.swift */; };
		1B7DDA282763341200F292D6 /* Day10Part2.swift in Sources */ = {isa = PBXBuildFile; fileRef = 1B7DDA272763341200F292D6 /* Day10Part2.swift */; };
		1B7DDA292763341400F292D6 /* Day10Part2.swift in Sources */ = {isa = PBXBuildFile; fileRef = 1B7DDA272763341200F292D6 /* Day10Part2.swift */; };
		1B7DDA2C2764B36600F292D6 /* Day11Input.swift in Sources */ = {isa = PBXBuildFile; fileRef = 1B7DDA2B2764B36600F292D6 /* Day11Input.swift */; };
		1B7DDA2D2764B36600F292D6 /* Day11Input.swift in Sources */ = {isa = PBXBuildFile; fileRef = 1B7DDA2B2764B36600F292D6 /* Day11Input.swift */; };
		1B7DDA2F2764B37100F292D6 /* Day11Part1.swift in Sources */ = {isa = PBXBuildFile; fileRef = 1B7DDA2E2764B37100F292D6 /* Day11Part1.swift */; };
		1B7DDA302764B37100F292D6 /* Day11Part1.swift in Sources */ = {isa = PBXBuildFile; fileRef = 1B7DDA2E2764B37100F292D6 /* Day11Part1.swift */; };
		1B7DDA322765320D00F292D6 /* Day11Part2.swift in Sources */ = {isa = PBXBuildFile; fileRef = 1B7DDA312765320D00F292D6 /* Day11Part2.swift */; };
		1B7DDA332765320D00F292D6 /* Day11Part2.swift in Sources */ = {isa = PBXBuildFile; fileRef = 1B7DDA312765320D00F292D6 /* Day11Part2.swift */; };
		1B7DDA362765FC8500F292D6 /* Day12Input.swift in Sources */ = {isa = PBXBuildFile; fileRef = 1B7DDA352765FC8500F292D6 /* Day12Input.swift */; };
		1B7DDA372765FC8500F292D6 /* Day12Input.swift in Sources */ = {isa = PBXBuildFile; fileRef = 1B7DDA352765FC8500F292D6 /* Day12Input.swift */; };
		1B7DDA392765FD1A00F292D6 /* Day12Part1.swift in Sources */ = {isa = PBXBuildFile; fileRef = 1B7DDA382765FD1A00F292D6 /* Day12Part1.swift */; };
		1B7DDA3A2765FD1A00F292D6 /* Day12Part1.swift in Sources */ = {isa = PBXBuildFile; fileRef = 1B7DDA382765FD1A00F292D6 /* Day12Part1.swift */; };
		1B7DDA3C2765FD8600F292D6 /* Graph.swift in Sources */ = {isa = PBXBuildFile; fileRef = 1B7DDA3B2765FD8600F292D6 /* Graph.swift */; };
		1B7DDA3D2765FD8600F292D6 /* Graph.swift in Sources */ = {isa = PBXBuildFile; fileRef = 1B7DDA3B2765FD8600F292D6 /* Graph.swift */; };
		1B7DDA3F2766000900F292D6 /* GraphTest.swift in Sources */ = {isa = PBXBuildFile; fileRef = 1B7DDA3E2766000900F292D6 /* GraphTest.swift */; };
		1B7DDA412766038500F292D6 /* StringIsInAllCapsExtension.swift in Sources */ = {isa = PBXBuildFile; fileRef = 1B7DDA402766038500F292D6 /* StringIsInAllCapsExtension.swift */; };
		1B7DDA422766038500F292D6 /* StringIsInAllCapsExtension.swift in Sources */ = {isa = PBXBuildFile; fileRef = 1B7DDA402766038500F292D6 /* StringIsInAllCapsExtension.swift */; };
		1B7DDA4427660A8E00F292D6 /* Day12Part2.swift in Sources */ = {isa = PBXBuildFile; fileRef = 1B7DDA4327660A8E00F292D6 /* Day12Part2.swift */; };
		1B7DDA4527660A8E00F292D6 /* Day12Part2.swift in Sources */ = {isa = PBXBuildFile; fileRef = 1B7DDA4327660A8E00F292D6 /* Day12Part2.swift */; };
		1B7DDA482767C53800F292D6 /* Day13Input.swift in Sources */ = {isa = PBXBuildFile; fileRef = 1B7DDA472767C53800F292D6 /* Day13Input.swift */; };
		1B7DDA492767C53800F292D6 /* Day13Input.swift in Sources */ = {isa = PBXBuildFile; fileRef = 1B7DDA472767C53800F292D6 /* Day13Input.swift */; };
		1B7DDA4B2767C58C00F292D6 /* Day13Part1.swift in Sources */ = {isa = PBXBuildFile; fileRef = 1B7DDA4A2767C58C00F292D6 /* Day13Part1.swift */; };
		1B7DDA4C2767C58C00F292D6 /* Day13Part1.swift in Sources */ = {isa = PBXBuildFile; fileRef = 1B7DDA4A2767C58C00F292D6 /* Day13Part1.swift */; };
		1B7DDA4F2767CC9000F292D6 /* Day13Test.swift in Sources */ = {isa = PBXBuildFile; fileRef = 1B7DDA4D2767CACD00F292D6 /* Day13Test.swift */; };
		1B7DDA522768B95600F292D6 /* Day14Input.swift in Sources */ = {isa = PBXBuildFile; fileRef = 1B7DDA512768B95600F292D6 /* Day14Input.swift */; };
		1B7DDA532768B95600F292D6 /* Day14Input.swift in Sources */ = {isa = PBXBuildFile; fileRef = 1B7DDA512768B95600F292D6 /* Day14Input.swift */; };
		1B7DDA552768B95E00F292D6 /* Day14Part1.swift in Sources */ = {isa = PBXBuildFile; fileRef = 1B7DDA542768B95E00F292D6 /* Day14Part1.swift */; };
		1B7DDA562768B95E00F292D6 /* Day14Part1.swift in Sources */ = {isa = PBXBuildFile; fileRef = 1B7DDA542768B95E00F292D6 /* Day14Part1.swift */; };
		1B7DDA582768B96800F292D6 /* Day14Part2.swift in Sources */ = {isa = PBXBuildFile; fileRef = 1B7DDA572768B96800F292D6 /* Day14Part2.swift */; };
		1B7DDA592768B96800F292D6 /* Day14Part2.swift in Sources */ = {isa = PBXBuildFile; fileRef = 1B7DDA572768B96800F292D6 /* Day14Part2.swift */; };
		1B7DDA5B2768BC9600F292D6 /* StringSubscriptIntExtension.swift in Sources */ = {isa = PBXBuildFile; fileRef = 1B7DDA5A2768BC9600F292D6 /* StringSubscriptIntExtension.swift */; };
		1B7DDA5C2768BC9600F292D6 /* StringSubscriptIntExtension.swift in Sources */ = {isa = PBXBuildFile; fileRef = 1B7DDA5A2768BC9600F292D6 /* StringSubscriptIntExtension.swift */; };
		1B7DDA5F276A0CA700F292D6 /* Day15Input.swift in Sources */ = {isa = PBXBuildFile; fileRef = 1B7DDA5E276A0CA700F292D6 /* Day15Input.swift */; };
		1B7DDA60276A0CAA00F292D6 /* Day15Input.swift in Sources */ = {isa = PBXBuildFile; fileRef = 1B7DDA5E276A0CA700F292D6 /* Day15Input.swift */; };
		1B7DDA62276A0D0000F292D6 /* Day15Part1.swift in Sources */ = {isa = PBXBuildFile; fileRef = 1B7DDA61276A0D0000F292D6 /* Day15Part1.swift */; };
		1B7DDA64276A725A00F292D6 /* Day15Part2.swift in Sources */ = {isa = PBXBuildFile; fileRef = 1B7DDA63276A725A00F292D6 /* Day15Part2.swift */; };
		1B847DFE275CD2C80091D666 /* Day5Input.swift in Sources */ = {isa = PBXBuildFile; fileRef = 1B847DFD275CD2C80091D666 /* Day5Input.swift */; };
		1B847E00275CD2D10091D666 /* Day5Part1.swift in Sources */ = {isa = PBXBuildFile; fileRef = 1B847DFF275CD2D10091D666 /* Day5Part1.swift */; };
		1B847E01275CD2D40091D666 /* Day5Part1.swift in Sources */ = {isa = PBXBuildFile; fileRef = 1B847DFF275CD2D10091D666 /* Day5Part1.swift */; };
		1B847E02275CD2D60091D666 /* Day5Input.swift in Sources */ = {isa = PBXBuildFile; fileRef = 1B847DFD275CD2C80091D666 /* Day5Input.swift */; };
		1B847E04275CEC620091D666 /* Day5Part2.swift in Sources */ = {isa = PBXBuildFile; fileRef = 1B847E03275CEC620091D666 /* Day5Part2.swift */; };
		1B847E05275CEE350091D666 /* Day5Part2.swift in Sources */ = {isa = PBXBuildFile; fileRef = 1B847E03275CEC620091D666 /* Day5Part2.swift */; };
		1B847E08275E2C780091D666 /* Day6Input.swift in Sources */ = {isa = PBXBuildFile; fileRef = 1B847E07275E2C780091D666 /* Day6Input.swift */; };
		1B847E09275E2C780091D666 /* Day6Input.swift in Sources */ = {isa = PBXBuildFile; fileRef = 1B847E07275E2C780091D666 /* Day6Input.swift */; };
		1B847E0B275E2CCA0091D666 /* Day6Part1.swift in Sources */ = {isa = PBXBuildFile; fileRef = 1B847E0A275E2CCA0091D666 /* Day6Part1.swift */; };
		1B847E0C275E2CCA0091D666 /* Day6Part1.swift in Sources */ = {isa = PBXBuildFile; fileRef = 1B847E0A275E2CCA0091D666 /* Day6Part1.swift */; };
		1B847E0F275FE08D0091D666 /* Day7Input.swift in Sources */ = {isa = PBXBuildFile; fileRef = 1B847E0E275FE08D0091D666 /* Day7Input.swift */; };
		1B847E10275FE08D0091D666 /* Day7Input.swift in Sources */ = {isa = PBXBuildFile; fileRef = 1B847E0E275FE08D0091D666 /* Day7Input.swift */; };
		1B847E12275FE0970091D666 /* Day7Part1.swift in Sources */ = {isa = PBXBuildFile; fileRef = 1B847E11275FE0970091D666 /* Day7Part1.swift */; };
		1B847E13275FE0970091D666 /* Day7Part1.swift in Sources */ = {isa = PBXBuildFile; fileRef = 1B847E11275FE0970091D666 /* Day7Part1.swift */; };
		1B847E15275FE5180091D666 /* Day7Part2.swift in Sources */ = {isa = PBXBuildFile; fileRef = 1B847E14275FE5180091D666 /* Day7Part2.swift */; };
		1B847E16275FE5180091D666 /* Day7Part2.swift in Sources */ = {isa = PBXBuildFile; fileRef = 1B847E14275FE5180091D666 /* Day7Part2.swift */; };
		1B847E19276134730091D666 /* Day8Input.swift in Sources */ = {isa = PBXBuildFile; fileRef = 1B847E18276134730091D666 /* Day8Input.swift */; };
		1B847E1A276134750091D666 /* Day8Input.swift in Sources */ = {isa = PBXBuildFile; fileRef = 1B847E18276134730091D666 /* Day8Input.swift */; };
		1B847E1C2761349B0091D666 /* Day8Part1.swift in Sources */ = {isa = PBXBuildFile; fileRef = 1B847E1B2761349B0091D666 /* Day8Part1.swift */; };
		1B847E1D2761349B0091D666 /* Day8Part1.swift in Sources */ = {isa = PBXBuildFile; fileRef = 1B847E1B2761349B0091D666 /* Day8Part1.swift */; };
		1B847E1F27613A250091D666 /* Day8Part2.swift in Sources */ = {isa = PBXBuildFile; fileRef = 1B847E1E27613A250091D666 /* Day8Part2.swift */; };
		1B847E2027613A250091D666 /* Day8Part2.swift in Sources */ = {isa = PBXBuildFile; fileRef = 1B847E1E27613A250091D666 /* Day8Part2.swift */; };
		1B847E22276141140091D666 /* Day8Test.swift in Sources */ = {isa = PBXBuildFile; fileRef = 1B847E21276141140091D666 /* Day8Test.swift */; };
		1B847E25276277AA0091D666 /* Day9Input.swift in Sources */ = {isa = PBXBuildFile; fileRef = 1B847E24276277AA0091D666 /* Day9Input.swift */; };
		1B847E26276277AA0091D666 /* Day9Input.swift in Sources */ = {isa = PBXBuildFile; fileRef = 1B847E24276277AA0091D666 /* Day9Input.swift */; };
		1B847E282762780B0091D666 /* Day9Part1.swift in Sources */ = {isa = PBXBuildFile; fileRef = 1B847E272762780B0091D666 /* Day9Part1.swift */; };
		1B847E292762780B0091D666 /* Day9Part1.swift in Sources */ = {isa = PBXBuildFile; fileRef = 1B847E272762780B0091D666 /* Day9Part1.swift */; };
		1B847E2B2762ACD10091D666 /* Day9Part2.swift in Sources */ = {isa = PBXBuildFile; fileRef = 1B847E2A2762ACD10091D666 /* Day9Part2.swift */; };
		1B847E2C2762ACD10091D666 /* Day9Part2.swift in Sources */ = {isa = PBXBuildFile; fileRef = 1B847E2A2762ACD10091D666 /* Day9Part2.swift */; };
		1BEA09DA275802E300577B97 /* main.swift in Sources */ = {isa = PBXBuildFile; fileRef = 1BEA09D9275802E300577B97 /* main.swift */; };
		1BEA09E12758031800577B97 /* Day1Part1.swift in Sources */ = {isa = PBXBuildFile; fileRef = 1BEA09E02758031800577B97 /* Day1Part1.swift */; };
		1BEA09E42758033F00577B97 /* Day1Input.swift in Sources */ = {isa = PBXBuildFile; fileRef = 1BEA09E32758033F00577B97 /* Day1Input.swift */; };
		1BEA09E82758037500577B97 /* Day1Part2.swift in Sources */ = {isa = PBXBuildFile; fileRef = 1BEA09E72758037500577B97 /* Day1Part2.swift */; };
		1BEA09EA275804CB00577B97 /* PartRunner.swift in Sources */ = {isa = PBXBuildFile; fileRef = 1BEA09E9275804CB00577B97 /* PartRunner.swift */; };
		1BEA09ED2758E96000577B97 /* Day2Part1.swift in Sources */ = {isa = PBXBuildFile; fileRef = 1BEA09EC2758E96000577B97 /* Day2Part1.swift */; };
		1BEA09EF2758E96A00577B97 /* Day2Input.swift in Sources */ = {isa = PBXBuildFile; fileRef = 1BEA09EE2758E96A00577B97 /* Day2Input.swift */; };
		1BEA09F12758EB7F00577B97 /* Day2Part2.swift in Sources */ = {isa = PBXBuildFile; fileRef = 1BEA09F02758EB7F00577B97 /* Day2Part2.swift */; };
		1BEA09F927594A0200577B97 /* AdventOfCode2021Test.swift in Sources */ = {isa = PBXBuildFile; fileRef = 1BEA09F827594A0200577B97 /* AdventOfCode2021Test.swift */; };
		1BEA09FD27594BD100577B97 /* Day1Part1.swift in Sources */ = {isa = PBXBuildFile; fileRef = 1BEA09E02758031800577B97 /* Day1Part1.swift */; };
		1BEA09FE27594BE800577B97 /* PartRunner.swift in Sources */ = {isa = PBXBuildFile; fileRef = 1BEA09E9275804CB00577B97 /* PartRunner.swift */; };
		1BEA09FF27594BEC00577B97 /* Day1Input.swift in Sources */ = {isa = PBXBuildFile; fileRef = 1BEA09E32758033F00577B97 /* Day1Input.swift */; };
		1BEA0A0027594BEE00577B97 /* Day1Part2.swift in Sources */ = {isa = PBXBuildFile; fileRef = 1BEA09E72758037500577B97 /* Day1Part2.swift */; };
		1BEA0A0127594BF200577B97 /* Day2Part1.swift in Sources */ = {isa = PBXBuildFile; fileRef = 1BEA09EC2758E96000577B97 /* Day2Part1.swift */; };
		1BEA0A0227594BF400577B97 /* Day2Input.swift in Sources */ = {isa = PBXBuildFile; fileRef = 1BEA09EE2758E96A00577B97 /* Day2Input.swift */; };
		1BEA0A0327594BF700577B97 /* Day2Part2.swift in Sources */ = {isa = PBXBuildFile; fileRef = 1BEA09F02758EB7F00577B97 /* Day2Part2.swift */; };
/* End PBXBuildFile section */

/* Begin PBXCopyFilesBuildPhase section */
		1BEA09D4275802E300577B97 /* CopyFiles */ = {
			isa = PBXCopyFilesBuildPhase;
			buildActionMask = 2147483647;
			dstPath = /usr/share/man/man1/;
			dstSubfolderSpec = 0;
			files = (
			);
			runOnlyForDeploymentPostprocessing = 1;
		};
/* End PBXCopyFilesBuildPhase section */

/* Begin PBXFileReference section */
		1B5F53482759F6AD004D1BC5 /* Day3Part1.swift */ = {isa = PBXFileReference; lastKnownFileType = sourcecode.swift; path = Day3Part1.swift; sourceTree = "<group>"; };
		1B5F534B2759F6B7004D1BC5 /* Day3Input.swift */ = {isa = PBXFileReference; lastKnownFileType = sourcecode.swift; path = Day3Input.swift; sourceTree = "<group>"; };
		1B5F534E2759F6C1004D1BC5 /* Day3Part2.swift */ = {isa = PBXFileReference; lastKnownFileType = sourcecode.swift; path = Day3Part2.swift; sourceTree = "<group>"; };
		1B5F53512759F6E6004D1BC5 /* Day3Test.swift */ = {isa = PBXFileReference; lastKnownFileType = sourcecode.swift; path = Day3Test.swift; sourceTree = "<group>"; };
		1B5F5355275BA81F004D1BC5 /* Day4Part1.swift */ = {isa = PBXFileReference; lastKnownFileType = sourcecode.swift; path = Day4Part1.swift; sourceTree = "<group>"; };
		1B5F5358275BA82E004D1BC5 /* Day4Input.swift */ = {isa = PBXFileReference; lastKnownFileType = sourcecode.swift; path = Day4Input.swift; sourceTree = "<group>"; };
		1B5F535B275BA836004D1BC5 /* Day4Part2.swift */ = {isa = PBXFileReference; lastKnownFileType = sourcecode.swift; path = Day4Part2.swift; sourceTree = "<group>"; };
		1B5F535E275BAFAD004D1BC5 /* Day4Test.swift */ = {isa = PBXFileReference; lastKnownFileType = sourcecode.swift; path = Day4Test.swift; sourceTree = "<group>"; };
		1B5F5360275BBBAF004D1BC5 /* BingoCard.swift */ = {isa = PBXFileReference; lastKnownFileType = sourcecode.swift; path = BingoCard.swift; sourceTree = "<group>"; };
		1B5F5364275CC7C0004D1BC5 /* Field2D.swift */ = {isa = PBXFileReference; lastKnownFileType = sourcecode.swift; path = Field2D.swift; sourceTree = "<group>"; };
		1B5F5367275CC99E004D1BC5 /* Field2DTest.swift */ = {isa = PBXFileReference; lastKnownFileType = sourcecode.swift; path = Field2DTest.swift; sourceTree = "<group>"; };
		1B7DDA1E27632F4300F292D6 /* Day10Input.swift */ = {isa = PBXFileReference; lastKnownFileType = sourcecode.swift; path = Day10Input.swift; sourceTree = "<group>"; };
		1B7DDA2027632F7600F292D6 /* Day10Test.swift */ = {isa = PBXFileReference; lastKnownFileType = sourcecode.swift; path = Day10Test.swift; sourceTree = "<group>"; };
		1B7DDA2227632FAF00F292D6 /* Day10Part1.swift */ = {isa = PBXFileReference; lastKnownFileType = sourcecode.swift; path = Day10Part1.swift; sourceTree = "<group>"; };
		1B7DDA272763341200F292D6 /* Day10Part2.swift */ = {isa = PBXFileReference; lastKnownFileType = sourcecode.swift; path = Day10Part2.swift; sourceTree = "<group>"; };
		1B7DDA2B2764B36600F292D6 /* Day11Input.swift */ = {isa = PBXFileReference; lastKnownFileType = sourcecode.swift; path = Day11Input.swift; sourceTree = "<group>"; };
		1B7DDA2E2764B37100F292D6 /* Day11Part1.swift */ = {isa = PBXFileReference; lastKnownFileType = sourcecode.swift; path = Day11Part1.swift; sourceTree = "<group>"; };
		1B7DDA312765320D00F292D6 /* Day11Part2.swift */ = {isa = PBXFileReference; lastKnownFileType = sourcecode.swift; path = Day11Part2.swift; sourceTree = "<group>"; };
		1B7DDA352765FC8500F292D6 /* Day12Input.swift */ = {isa = PBXFileReference; lastKnownFileType = sourcecode.swift; path = Day12Input.swift; sourceTree = "<group>"; };
		1B7DDA382765FD1A00F292D6 /* Day12Part1.swift */ = {isa = PBXFileReference; lastKnownFileType = sourcecode.swift; path = Day12Part1.swift; sourceTree = "<group>"; };
		1B7DDA3B2765FD8600F292D6 /* Graph.swift */ = {isa = PBXFileReference; lastKnownFileType = sourcecode.swift; path = Graph.swift; sourceTree = "<group>"; };
		1B7DDA3E2766000900F292D6 /* GraphTest.swift */ = {isa = PBXFileReference; lastKnownFileType = sourcecode.swift; path = GraphTest.swift; sourceTree = "<group>"; };
		1B7DDA402766038500F292D6 /* StringIsInAllCapsExtension.swift */ = {isa = PBXFileReference; lastKnownFileType = sourcecode.swift; path = StringIsInAllCapsExtension.swift; sourceTree = "<group>"; };
		1B7DDA4327660A8E00F292D6 /* Day12Part2.swift */ = {isa = PBXFileReference; lastKnownFileType = sourcecode.swift; path = Day12Part2.swift; sourceTree = "<group>"; };
		1B7DDA472767C53800F292D6 /* Day13Input.swift */ = {isa = PBXFileReference; lastKnownFileType = sourcecode.swift; path = Day13Input.swift; sourceTree = "<group>"; };
		1B7DDA4A2767C58C00F292D6 /* Day13Part1.swift */ = {isa = PBXFileReference; lastKnownFileType = sourcecode.swift; path = Day13Part1.swift; sourceTree = "<group>"; };
		1B7DDA4D2767CACD00F292D6 /* Day13Test.swift */ = {isa = PBXFileReference; lastKnownFileType = sourcecode.swift; path = Day13Test.swift; sourceTree = "<group>"; };
		1B7DDA512768B95600F292D6 /* Day14Input.swift */ = {isa = PBXFileReference; lastKnownFileType = sourcecode.swift; path = Day14Input.swift; sourceTree = "<group>"; };
		1B7DDA542768B95E00F292D6 /* Day14Part1.swift */ = {isa = PBXFileReference; lastKnownFileType = sourcecode.swift; path = Day14Part1.swift; sourceTree = "<group>"; };
		1B7DDA572768B96800F292D6 /* Day14Part2.swift */ = {isa = PBXFileReference; lastKnownFileType = sourcecode.swift; path = Day14Part2.swift; sourceTree = "<group>"; };
		1B7DDA5A2768BC9600F292D6 /* StringSubscriptIntExtension.swift */ = {isa = PBXFileReference; lastKnownFileType = sourcecode.swift; path = StringSubscriptIntExtension.swift; sourceTree = "<group>"; };
		1B7DDA5E276A0CA700F292D6 /* Day15Input.swift */ = {isa = PBXFileReference; lastKnownFileType = sourcecode.swift; path = Day15Input.swift; sourceTree = "<group>"; };
		1B7DDA61276A0D0000F292D6 /* Day15Part1.swift */ = {isa = PBXFileReference; lastKnownFileType = sourcecode.swift; path = Day15Part1.swift; sourceTree = "<group>"; };
		1B7DDA63276A725A00F292D6 /* Day15Part2.swift */ = {isa = PBXFileReference; lastKnownFileType = sourcecode.swift; path = Day15Part2.swift; sourceTree = "<group>"; };
		1B847DFD275CD2C80091D666 /* Day5Input.swift */ = {isa = PBXFileReference; lastKnownFileType = sourcecode.swift; path = Day5Input.swift; sourceTree = "<group>"; };
		1B847DFF275CD2D10091D666 /* Day5Part1.swift */ = {isa = PBXFileReference; lastKnownFileType = sourcecode.swift; path = Day5Part1.swift; sourceTree = "<group>"; };
		1B847E03275CEC620091D666 /* Day5Part2.swift */ = {isa = PBXFileReference; lastKnownFileType = sourcecode.swift; path = Day5Part2.swift; sourceTree = "<group>"; };
		1B847E07275E2C780091D666 /* Day6Input.swift */ = {isa = PBXFileReference; lastKnownFileType = sourcecode.swift; path = Day6Input.swift; sourceTree = "<group>"; };
		1B847E0A275E2CCA0091D666 /* Day6Part1.swift */ = {isa = PBXFileReference; lastKnownFileType = sourcecode.swift; path = Day6Part1.swift; sourceTree = "<group>"; };
		1B847E0E275FE08D0091D666 /* Day7Input.swift */ = {isa = PBXFileReference; lastKnownFileType = sourcecode.swift; path = Day7Input.swift; sourceTree = "<group>"; };
		1B847E11275FE0970091D666 /* Day7Part1.swift */ = {isa = PBXFileReference; lastKnownFileType = sourcecode.swift; path = Day7Part1.swift; sourceTree = "<group>"; };
		1B847E14275FE5180091D666 /* Day7Part2.swift */ = {isa = PBXFileReference; lastKnownFileType = sourcecode.swift; path = Day7Part2.swift; sourceTree = "<group>"; };
		1B847E18276134730091D666 /* Day8Input.swift */ = {isa = PBXFileReference; lastKnownFileType = sourcecode.swift; path = Day8Input.swift; sourceTree = "<group>"; };
		1B847E1B2761349B0091D666 /* Day8Part1.swift */ = {isa = PBXFileReference; lastKnownFileType = sourcecode.swift; path = Day8Part1.swift; sourceTree = "<group>"; };
		1B847E1E27613A250091D666 /* Day8Part2.swift */ = {isa = PBXFileReference; lastKnownFileType = sourcecode.swift; path = Day8Part2.swift; sourceTree = "<group>"; };
		1B847E21276141140091D666 /* Day8Test.swift */ = {isa = PBXFileReference; lastKnownFileType = sourcecode.swift; path = Day8Test.swift; sourceTree = "<group>"; };
		1B847E24276277AA0091D666 /* Day9Input.swift */ = {isa = PBXFileReference; lastKnownFileType = sourcecode.swift; path = Day9Input.swift; sourceTree = "<group>"; };
		1B847E272762780B0091D666 /* Day9Part1.swift */ = {isa = PBXFileReference; lastKnownFileType = sourcecode.swift; path = Day9Part1.swift; sourceTree = "<group>"; };
		1B847E2A2762ACD10091D666 /* Day9Part2.swift */ = {isa = PBXFileReference; lastKnownFileType = sourcecode.swift; path = Day9Part2.swift; sourceTree = "<group>"; };
		1BEA09D6275802E300577B97 /* AdventOfCode2021 */ = {isa = PBXFileReference; explicitFileType = "compiled.mach-o.executable"; includeInIndex = 0; path = AdventOfCode2021; sourceTree = BUILT_PRODUCTS_DIR; };
		1BEA09D9275802E300577B97 /* main.swift */ = {isa = PBXFileReference; lastKnownFileType = sourcecode.swift; path = main.swift; sourceTree = "<group>"; };
		1BEA09E02758031800577B97 /* Day1Part1.swift */ = {isa = PBXFileReference; lastKnownFileType = sourcecode.swift; path = Day1Part1.swift; sourceTree = "<group>"; };
		1BEA09E32758033F00577B97 /* Day1Input.swift */ = {isa = PBXFileReference; lastKnownFileType = sourcecode.swift; path = Day1Input.swift; sourceTree = "<group>"; };
		1BEA09E72758037500577B97 /* Day1Part2.swift */ = {isa = PBXFileReference; lastKnownFileType = sourcecode.swift; path = Day1Part2.swift; sourceTree = "<group>"; };
		1BEA09E9275804CB00577B97 /* PartRunner.swift */ = {isa = PBXFileReference; lastKnownFileType = sourcecode.swift; path = PartRunner.swift; sourceTree = "<group>"; };
		1BEA09EC2758E96000577B97 /* Day2Part1.swift */ = {isa = PBXFileReference; lastKnownFileType = sourcecode.swift; path = Day2Part1.swift; sourceTree = "<group>"; };
		1BEA09EE2758E96A00577B97 /* Day2Input.swift */ = {isa = PBXFileReference; lastKnownFileType = sourcecode.swift; path = Day2Input.swift; sourceTree = "<group>"; };
		1BEA09F02758EB7F00577B97 /* Day2Part2.swift */ = {isa = PBXFileReference; lastKnownFileType = sourcecode.swift; path = Day2Part2.swift; sourceTree = "<group>"; };
		1BEA09F627594A0200577B97 /* AdventOfCode2021Test.xctest */ = {isa = PBXFileReference; explicitFileType = wrapper.cfbundle; includeInIndex = 0; path = AdventOfCode2021Test.xctest; sourceTree = BUILT_PRODUCTS_DIR; };
		1BEA09F827594A0200577B97 /* AdventOfCode2021Test.swift */ = {isa = PBXFileReference; lastKnownFileType = sourcecode.swift; path = AdventOfCode2021Test.swift; sourceTree = "<group>"; };
/* End PBXFileReference section */

/* Begin PBXFrameworksBuildPhase section */
		1BEA09D3275802E300577B97 /* Frameworks */ = {
			isa = PBXFrameworksBuildPhase;
			buildActionMask = 2147483647;
			files = (
			);
			runOnlyForDeploymentPostprocessing = 0;
		};
		1BEA09F327594A0200577B97 /* Frameworks */ = {
			isa = PBXFrameworksBuildPhase;
			buildActionMask = 2147483647;
			files = (
			);
			runOnlyForDeploymentPostprocessing = 0;
		};
/* End PBXFrameworksBuildPhase section */

/* Begin PBXGroup section */
		1B5F53472759F693004D1BC5 /* Day3 */ = {
			isa = PBXGroup;
			children = (
				1B5F53482759F6AD004D1BC5 /* Day3Part1.swift */,
				1B5F534B2759F6B7004D1BC5 /* Day3Input.swift */,
				1B5F534E2759F6C1004D1BC5 /* Day3Part2.swift */,
			);
			path = Day3;
			sourceTree = "<group>";
		};
		1B5F5354275BA812004D1BC5 /* Day4 */ = {
			isa = PBXGroup;
			children = (
				1B5F5355275BA81F004D1BC5 /* Day4Part1.swift */,
				1B5F5358275BA82E004D1BC5 /* Day4Input.swift */,
				1B5F535B275BA836004D1BC5 /* Day4Part2.swift */,
				1B5F5360275BBBAF004D1BC5 /* BingoCard.swift */,
			);
			path = Day4;
			sourceTree = "<group>";
		};
		1B5F5363275CC797004D1BC5 /* Common */ = {
			isa = PBXGroup;
			children = (
				1B5F5364275CC7C0004D1BC5 /* Field2D.swift */,
				1B7DDA3B2765FD8600F292D6 /* Graph.swift */,
				1B7DDA402766038500F292D6 /* StringIsInAllCapsExtension.swift */,
				1B7DDA5A2768BC9600F292D6 /* StringSubscriptIntExtension.swift */,
			);
			path = Common;
			sourceTree = "<group>";
		};
		1B7DDA2A2764B35200F292D6 /* Day11 */ = {
			isa = PBXGroup;
			children = (
				1B7DDA2B2764B36600F292D6 /* Day11Input.swift */,
				1B7DDA2E2764B37100F292D6 /* Day11Part1.swift */,
				1B7DDA312765320D00F292D6 /* Day11Part2.swift */,
			);
			path = Day11;
			sourceTree = "<group>";
		};
		1B7DDA342765FC7300F292D6 /* Day12 */ = {
			isa = PBXGroup;
			children = (
				1B7DDA352765FC8500F292D6 /* Day12Input.swift */,
				1B7DDA382765FD1A00F292D6 /* Day12Part1.swift */,
				1B7DDA4327660A8E00F292D6 /* Day12Part2.swift */,
			);
			path = Day12;
			sourceTree = "<group>";
		};
		1B7DDA462767C36400F292D6 /* Day13 */ = {
			isa = PBXGroup;
			children = (
				1B7DDA472767C53800F292D6 /* Day13Input.swift */,
				1B7DDA4A2767C58C00F292D6 /* Day13Part1.swift */,
			);
			path = Day13;
			sourceTree = "<group>";
		};
		1B7DDA502768B94200F292D6 /* Day14 */ = {
			isa = PBXGroup;
			children = (
				1B7DDA512768B95600F292D6 /* Day14Input.swift */,
				1B7DDA542768B95E00F292D6 /* Day14Part1.swift */,
				1B7DDA572768B96800F292D6 /* Day14Part2.swift */,
			);
			path = Day14;
			sourceTree = "<group>";
		};
		1B7DDA5D276A0C9600F292D6 /* Day15 */ = {
			isa = PBXGroup;
			children = (
				1B7DDA5E276A0CA700F292D6 /* Day15Input.swift */,
				1B7DDA61276A0D0000F292D6 /* Day15Part1.swift */,
				1B7DDA63276A725A00F292D6 /* Day15Part2.swift */,
			);
			path = Day15;
			sourceTree = "<group>";
		};
		1B847DFC275CD2A20091D666 /* Day5 */ = {
			isa = PBXGroup;
			children = (
				1B847DFD275CD2C80091D666 /* Day5Input.swift */,
				1B847DFF275CD2D10091D666 /* Day5Part1.swift */,
				1B847E03275CEC620091D666 /* Day5Part2.swift */,
			);
			path = Day5;
			sourceTree = "<group>";
		};
		1B847E06275E2C660091D666 /* Day6 */ = {
			isa = PBXGroup;
			children = (
				1B847E07275E2C780091D666 /* Day6Input.swift */,
				1B847E0A275E2CCA0091D666 /* Day6Part1.swift */,
			);
			path = Day6;
			sourceTree = "<group>";
		};
		1B847E0D275FE07A0091D666 /* Day7 */ = {
			isa = PBXGroup;
			children = (
				1B847E0E275FE08D0091D666 /* Day7Input.swift */,
				1B847E11275FE0970091D666 /* Day7Part1.swift */,
				1B847E14275FE5180091D666 /* Day7Part2.swift */,
			);
			path = Day7;
			sourceTree = "<group>";
		};
		1B847E17276134600091D666 /* Day8 */ = {
			isa = PBXGroup;
			children = (
				1B847E18276134730091D666 /* Day8Input.swift */,
				1B847E1B2761349B0091D666 /* Day8Part1.swift */,
				1B847E1E27613A250091D666 /* Day8Part2.swift */,
			);
			path = Day8;
			sourceTree = "<group>";
		};
		1B847E23276277910091D666 /* Day9 */ = {
			isa = PBXGroup;
			children = (
				1B847E24276277AA0091D666 /* Day9Input.swift */,
				1B847E272762780B0091D666 /* Day9Part1.swift */,
				1B847E2A2762ACD10091D666 /* Day9Part2.swift */,
			);
			path = Day9;
			sourceTree = "<group>";
		};
		1B847E2D27632EEB0091D666 /* Day10 */ = {
			isa = PBXGroup;
			children = (
				1B7DDA1E27632F4300F292D6 /* Day10Input.swift */,
				1B7DDA2227632FAF00F292D6 /* Day10Part1.swift */,
				1B7DDA272763341200F292D6 /* Day10Part2.swift */,
			);
			path = Day10;
			sourceTree = "<group>";
		};
		1BEA09CD275802E300577B97 = {
			isa = PBXGroup;
			children = (
				1BEA09D8275802E300577B97 /* AdventOfCode2021 */,
				1BEA09D7275802E300577B97 /* Products */,
			);
			sourceTree = "<group>";
		};
		1BEA09D7275802E300577B97 /* Products */ = {
			isa = PBXGroup;
			children = (
				1BEA09D6275802E300577B97 /* AdventOfCode2021 */,
				1BEA09F627594A0200577B97 /* AdventOfCode2021Test.xctest */,
			);
			name = Products;
			sourceTree = "<group>";
		};
		1BEA09D8275802E300577B97 /* AdventOfCode2021 */ = {
			isa = PBXGroup;
			children = (
				1B5F5363275CC797004D1BC5 /* Common */,
				1BEA09F727594A0200577B97 /* AdventOfCode2021Test */,
				1B7DDA5D276A0C9600F292D6 /* Day15 */,
				1B7DDA502768B94200F292D6 /* Day14 */,
				1B7DDA462767C36400F292D6 /* Day13 */,
				1B7DDA342765FC7300F292D6 /* Day12 */,
				1B7DDA2A2764B35200F292D6 /* Day11 */,
				1B847E2D27632EEB0091D666 /* Day10 */,
				1B847E23276277910091D666 /* Day9 */,
				1B847E17276134600091D666 /* Day8 */,
				1B847E0D275FE07A0091D666 /* Day7 */,
				1B847E06275E2C660091D666 /* Day6 */,
				1B847DFC275CD2A20091D666 /* Day5 */,
				1B5F5354275BA812004D1BC5 /* Day4 */,
				1B5F53472759F693004D1BC5 /* Day3 */,
				1BEA09EB2758E94F00577B97 /* Day2 */,
				1BEA09E22758032600577B97 /* Day1 */,
				1BEA09D9275802E300577B97 /* main.swift */,
				1BEA09E9275804CB00577B97 /* PartRunner.swift */,
			);
			path = AdventOfCode2021;
			sourceTree = "<group>";
		};
		1BEA09E22758032600577B97 /* Day1 */ = {
			isa = PBXGroup;
			children = (
				1BEA09E02758031800577B97 /* Day1Part1.swift */,
				1BEA09E32758033F00577B97 /* Day1Input.swift */,
				1BEA09E72758037500577B97 /* Day1Part2.swift */,
			);
			path = Day1;
			sourceTree = "<group>";
		};
		1BEA09EB2758E94F00577B97 /* Day2 */ = {
			isa = PBXGroup;
			children = (
				1BEA09EC2758E96000577B97 /* Day2Part1.swift */,
				1BEA09EE2758E96A00577B97 /* Day2Input.swift */,
				1BEA09F02758EB7F00577B97 /* Day2Part2.swift */,
			);
			path = Day2;
			sourceTree = "<group>";
		};
		1BEA09F727594A0200577B97 /* AdventOfCode2021Test */ = {
			isa = PBXGroup;
			children = (
				1BEA09F827594A0200577B97 /* AdventOfCode2021Test.swift */,
				1B5F53512759F6E6004D1BC5 /* Day3Test.swift */,
				1B5F535E275BAFAD004D1BC5 /* Day4Test.swift */,
				1B5F5367275CC99E004D1BC5 /* Field2DTest.swift */,
				1B847E21276141140091D666 /* Day8Test.swift */,
				1B7DDA2027632F7600F292D6 /* Day10Test.swift */,
				1B7DDA3E2766000900F292D6 /* GraphTest.swift */,
				1B7DDA4D2767CACD00F292D6 /* Day13Test.swift */,
			);
			path = AdventOfCode2021Test;
			sourceTree = "<group>";
		};
/* End PBXGroup section */

/* Begin PBXNativeTarget section */
		1BEA09D5275802E300577B97 /* AdventOfCode2021 */ = {
			isa = PBXNativeTarget;
			buildConfigurationList = 1BEA09DD275802E300577B97 /* Build configuration list for PBXNativeTarget "AdventOfCode2021" */;
			buildPhases = (
				1BEA09D2275802E300577B97 /* Sources */,
				1BEA09D3275802E300577B97 /* Frameworks */,
				1BEA09D4275802E300577B97 /* CopyFiles */,
			);
			buildRules = (
			);
			dependencies = (
			);
			name = AdventOfCode2021;
			productName = AdventOfCode2021;
			productReference = 1BEA09D6275802E300577B97 /* AdventOfCode2021 */;
			productType = "com.apple.product-type.tool";
		};
		1BEA09F527594A0200577B97 /* AdventOfCode2021Test */ = {
			isa = PBXNativeTarget;
			buildConfigurationList = 1BEA09FA27594A0200577B97 /* Build configuration list for PBXNativeTarget "AdventOfCode2021Test" */;
			buildPhases = (
				1BEA09F227594A0200577B97 /* Sources */,
				1BEA09F327594A0200577B97 /* Frameworks */,
				1BEA09F427594A0200577B97 /* Resources */,
			);
			buildRules = (
			);
			dependencies = (
			);
			name = AdventOfCode2021Test;
			productName = AdventOfCode2021Test;
			productReference = 1BEA09F627594A0200577B97 /* AdventOfCode2021Test.xctest */;
			productType = "com.apple.product-type.bundle.unit-test";
		};
/* End PBXNativeTarget section */

/* Begin PBXProject section */
		1BEA09CE275802E300577B97 /* Project object */ = {
			isa = PBXProject;
			attributes = {
				BuildIndependentTargetsInParallel = 1;
				LastSwiftUpdateCheck = 1300;
				LastUpgradeCheck = 1300;
				TargetAttributes = {
					1BEA09D5275802E300577B97 = {
						CreatedOnToolsVersion = 13.0;
					};
					1BEA09F527594A0200577B97 = {
						CreatedOnToolsVersion = 13.0;
					};
				};
			};
			buildConfigurationList = 1BEA09D1275802E300577B97 /* Build configuration list for PBXProject "AdventOfCode2021" */;
			compatibilityVersion = "Xcode 13.0";
			developmentRegion = en;
			hasScannedForEncodings = 0;
			knownRegions = (
				en,
				Base,
			);
			mainGroup = 1BEA09CD275802E300577B97;
			productRefGroup = 1BEA09D7275802E300577B97 /* Products */;
			projectDirPath = "";
			projectRoot = "";
			targets = (
				1BEA09D5275802E300577B97 /* AdventOfCode2021 */,
				1BEA09F527594A0200577B97 /* AdventOfCode2021Test */,
			);
		};
/* End PBXProject section */

/* Begin PBXResourcesBuildPhase section */
		1BEA09F427594A0200577B97 /* Resources */ = {
			isa = PBXResourcesBuildPhase;
			buildActionMask = 2147483647;
			files = (
			);
			runOnlyForDeploymentPostprocessing = 0;
		};
/* End PBXResourcesBuildPhase section */

/* Begin PBXSourcesBuildPhase section */
		1BEA09D2275802E300577B97 /* Sources */ = {
			isa = PBXSourcesBuildPhase;
			buildActionMask = 2147483647;
			files = (
				1BEA09DA275802E300577B97 /* main.swift in Sources */,
				1B847E25276277AA0091D666 /* Day9Input.swift in Sources */,
				1B847E1F27613A250091D666 /* Day8Part2.swift in Sources */,
				1B847E00275CD2D10091D666 /* Day5Part1.swift in Sources */,
				1B847E08275E2C780091D666 /* Day6Input.swift in Sources */,
				1B5F5356275BA81F004D1BC5 /* Day4Part1.swift in Sources */,
				1B7DDA392765FD1A00F292D6 /* Day12Part1.swift in Sources */,
				1B847E0B275E2CCA0091D666 /* Day6Part1.swift in Sources */,
				1B847E04275CEC620091D666 /* Day5Part2.swift in Sources */,
				1B7DDA582768B96800F292D6 /* Day14Part2.swift in Sources */,
				1B5F5361275BBBAF004D1BC5 /* BingoCard.swift in Sources */,
				1B7DDA4427660A8E00F292D6 /* Day12Part2.swift in Sources */,
				1B7DDA2F2764B37100F292D6 /* Day11Part1.swift in Sources */,
				1B847E282762780B0091D666 /* Day9Part1.swift in Sources */,
				1BEA09EA275804CB00577B97 /* PartRunner.swift in Sources */,
				1B7DDA322765320D00F292D6 /* Day11Part2.swift in Sources */,
				1B847E19276134730091D666 /* Day8Input.swift in Sources */,
				1B7DDA282763341200F292D6 /* Day10Part2.swift in Sources */,
				1BEA09E82758037500577B97 /* Day1Part2.swift in Sources */,
				1B7DDA1F27632F4300F292D6 /* Day10Input.swift in Sources */,
				1B5F534F2759F6C1004D1BC5 /* Day3Part2.swift in Sources */,
				1B7DDA362765FC8500F292D6 /* Day12Input.swift in Sources */,
				1B7DDA64276A725A00F292D6 /* Day15Part2.swift in Sources */,
				1B7DDA412766038500F292D6 /* StringIsInAllCapsExtension.swift in Sources */,
				1B7DDA522768B95600F292D6 /* Day14Input.swift in Sources */,
				1BEA09F12758EB7F00577B97 /* Day2Part2.swift in Sources */,
				1BEA09E12758031800577B97 /* Day1Part1.swift in Sources */,
				1B847DFE275CD2C80091D666 /* Day5Input.swift in Sources */,
				1B7DDA2327632FAF00F292D6 /* Day10Part1.swift in Sources */,
				1BEA09ED2758E96000577B97 /* Day2Part1.swift in Sources */,
				1B5F5359275BA82E004D1BC5 /* Day4Input.swift in Sources */,
				1B7DDA5B2768BC9600F292D6 /* StringSubscriptIntExtension.swift in Sources */,
				1B847E0F275FE08D0091D666 /* Day7Input.swift in Sources */,
				1B7DDA3C2765FD8600F292D6 /* Graph.swift in Sources */,
				1B847E15275FE5180091D666 /* Day7Part2.swift in Sources */,
				1B5F5365275CC7C0004D1BC5 /* Field2D.swift in Sources */,
				1B847E12275FE0970091D666 /* Day7Part1.swift in Sources */,
				1B7DDA552768B95E00F292D6 /* Day14Part1.swift in Sources */,
				1B7DDA62276A0D0000F292D6 /* Day15Part1.swift in Sources */,
				1B5F535C275BA836004D1BC5 /* Day4Part2.swift in Sources */,
				1B7DDA2C2764B36600F292D6 /* Day11Input.swift in Sources */,
				1B7DDA4B2767C58C00F292D6 /* Day13Part1.swift in Sources */,
				1BEA09E42758033F00577B97 /* Day1Input.swift in Sources */,
				1B847E1C2761349B0091D666 /* Day8Part1.swift in Sources */,
				1B5F534C2759F6B7004D1BC5 /* Day3Input.swift in Sources */,
				1B5F53492759F6AD004D1BC5 /* Day3Part1.swift in Sources */,
				1B7DDA482767C53800F292D6 /* Day13Input.swift in Sources */,
				1B847E2B2762ACD10091D666 /* Day9Part2.swift in Sources */,
				1BEA09EF2758E96A00577B97 /* Day2Input.swift in Sources */,
				1B7DDA5F276A0CA700F292D6 /* Day15Input.swift in Sources */,
			);
			runOnlyForDeploymentPostprocessing = 0;
		};
		1BEA09F227594A0200577B97 /* Sources */ = {
			isa = PBXSourcesBuildPhase;
			buildActionMask = 2147483647;
			files = (
				1B7DDA292763341400F292D6 /* Day10Part2.swift in Sources */,
				1B847E22276141140091D666 /* Day8Test.swift in Sources */,
				1B847E05275CEE350091D666 /* Day5Part2.swift in Sources */,
				1B7DDA4C2767C58C00F292D6 /* Day13Part1.swift in Sources */,
				1BEA09F927594A0200577B97 /* AdventOfCode2021Test.swift in Sources */,
				1BEA09FF27594BEC00577B97 /* Day1Input.swift in Sources */,
				1B7DDA3F2766000900F292D6 /* GraphTest.swift in Sources */,
				1BEA0A0027594BEE00577B97 /* Day1Part2.swift in Sources */,
				1B7DDA592768B96800F292D6 /* Day14Part2.swift in Sources */,
				1B7DDA2127632F7600F292D6 /* Day10Test.swift in Sources */,
				1B5F53502759F6C1004D1BC5 /* Day3Part2.swift in Sources */,
				1B7DDA332765320D00F292D6 /* Day11Part2.swift in Sources */,
				1BEA0A0327594BF700577B97 /* Day2Part2.swift in Sources */,
				1BEA09FD27594BD100577B97 /* Day1Part1.swift in Sources */,
				1B5F5369275CC99E004D1BC5 /* Field2DTest.swift in Sources */,
				1B7DDA532768B95600F292D6 /* Day14Input.swift in Sources */,
				1B7DDA5C2768BC9600F292D6 /* StringSubscriptIntExtension.swift in Sources */,
				1B7DDA2D2764B36600F292D6 /* Day11Input.swift in Sources */,
				1B5F53532759F6E6004D1BC5 /* Day3Test.swift in Sources */,
				1BEA0A0127594BF200577B97 /* Day2Part1.swift in Sources */,
				1B847E1D2761349B0091D666 /* Day8Part1.swift in Sources */,
				1BEA09FE27594BE800577B97 /* PartRunner.swift in Sources */,
				1B5F534D2759F6B7004D1BC5 /* Day3Input.swift in Sources */,
				1B847E2027613A250091D666 /* Day8Part2.swift in Sources */,
				1B5F535A275BA82E004D1BC5 /* Day4Input.swift in Sources */,
				1B7DDA302764B37100F292D6 /* Day11Part1.swift in Sources */,
				1B847E02275CD2D60091D666 /* Day5Input.swift in Sources */,
				1B847E26276277AA0091D666 /* Day9Input.swift in Sources */,
				1B5F535F275BAFAD004D1BC5 /* Day4Test.swift in Sources */,
				1B7DDA4527660A8E00F292D6 /* Day12Part2.swift in Sources */,
				1B7DDA2527632FB400F292D6 /* Day10Input.swift in Sources */,
				1B847E09275E2C780091D666 /* Day6Input.swift in Sources */,
				1B5F5357275BA81F004D1BC5 /* Day4Part1.swift in Sources */,
				1B5F534A2759F6AD004D1BC5 /* Day3Part1.swift in Sources */,
				1B5F5366275CC7C1004D1BC5 /* Field2D.swift in Sources */,
				1B5F535D275BA836004D1BC5 /* Day4Part2.swift in Sources */,
				1B7DDA60276A0CAA00F292D6 /* Day15Input.swift in Sources */,
				1B7DDA562768B95E00F292D6 /* Day14Part1.swift in Sources */,
				1B847E1A276134750091D666 /* Day8Input.swift in Sources */,
				1B847E01275CD2D40091D666 /* Day5Part1.swift in Sources */,
				1BEA0A0227594BF400577B97 /* Day2Input.swift in Sources */,
				1B7DDA4F2767CC9000F292D6 /* Day13Test.swift in Sources */,
				1B7DDA422766038500F292D6 /* StringIsInAllCapsExtension.swift in Sources */,
				1B7DDA3A2765FD1A00F292D6 /* Day12Part1.swift in Sources */,
				1B847E16275FE5180091D666 /* Day7Part2.swift in Sources */,
				1B847E0C275E2CCA0091D666 /* Day6Part1.swift in Sources */,
				1B847E13275FE0970091D666 /* Day7Part1.swift in Sources */,
				1B847E2C2762ACD10091D666 /* Day9Part2.swift in Sources */,
				1B847E10275FE08D0091D666 /* Day7Input.swift in Sources */,
				1B5F5362275BBD27004D1BC5 /* BingoCard.swift in Sources */,
				1B7DDA3D2765FD8600F292D6 /* Graph.swift in Sources */,
				1B7DDA2427632FB100F292D6 /* Day10Part1.swift in Sources */,
				1B7DDA492767C53800F292D6 /* Day13Input.swift in Sources */,
				1B7DDA372765FC8500F292D6 /* Day12Input.swift in Sources */,
				1B847E292762780B0091D666 /* Day9Part1.swift in Sources */,
			);
			runOnlyForDeploymentPostprocessing = 0;
		};
/* End PBXSourcesBuildPhase section */

/* Begin XCBuildConfiguration section */
		1BEA09DB275802E300577B97 /* Debug */ = {
			isa = XCBuildConfiguration;
			buildSettings = {
				ALWAYS_SEARCH_USER_PATHS = NO;
				CLANG_ANALYZER_NONNULL = YES;
				CLANG_ANALYZER_NUMBER_OBJECT_CONVERSION = YES_AGGRESSIVE;
				CLANG_CXX_LANGUAGE_STANDARD = "gnu++17";
				CLANG_CXX_LIBRARY = "libc++";
				CLANG_ENABLE_MODULES = YES;
				CLANG_ENABLE_OBJC_ARC = YES;
				CLANG_ENABLE_OBJC_WEAK = YES;
				CLANG_WARN_BLOCK_CAPTURE_AUTORELEASING = YES;
				CLANG_WARN_BOOL_CONVERSION = YES;
				CLANG_WARN_COMMA = YES;
				CLANG_WARN_CONSTANT_CONVERSION = YES;
				CLANG_WARN_DEPRECATED_OBJC_IMPLEMENTATIONS = YES;
				CLANG_WARN_DIRECT_OBJC_ISA_USAGE = YES_ERROR;
				CLANG_WARN_DOCUMENTATION_COMMENTS = YES;
				CLANG_WARN_EMPTY_BODY = YES;
				CLANG_WARN_ENUM_CONVERSION = YES;
				CLANG_WARN_INFINITE_RECURSION = YES;
				CLANG_WARN_INT_CONVERSION = YES;
				CLANG_WARN_NON_LITERAL_NULL_CONVERSION = YES;
				CLANG_WARN_OBJC_IMPLICIT_RETAIN_SELF = YES;
				CLANG_WARN_OBJC_LITERAL_CONVERSION = YES;
				CLANG_WARN_OBJC_ROOT_CLASS = YES_ERROR;
				CLANG_WARN_QUOTED_INCLUDE_IN_FRAMEWORK_HEADER = YES;
				CLANG_WARN_RANGE_LOOP_ANALYSIS = YES;
				CLANG_WARN_STRICT_PROTOTYPES = YES;
				CLANG_WARN_SUSPICIOUS_MOVE = YES;
				CLANG_WARN_UNGUARDED_AVAILABILITY = YES_AGGRESSIVE;
				CLANG_WARN_UNREACHABLE_CODE = YES;
				CLANG_WARN__DUPLICATE_METHOD_MATCH = YES;
				COPY_PHASE_STRIP = NO;
				DEBUG_INFORMATION_FORMAT = dwarf;
				ENABLE_STRICT_OBJC_MSGSEND = YES;
				ENABLE_TESTABILITY = YES;
				GCC_C_LANGUAGE_STANDARD = gnu11;
				GCC_DYNAMIC_NO_PIC = NO;
				GCC_NO_COMMON_BLOCKS = YES;
				GCC_OPTIMIZATION_LEVEL = 0;
				GCC_PREPROCESSOR_DEFINITIONS = (
					"DEBUG=1",
					"$(inherited)",
				);
				GCC_WARN_64_TO_32_BIT_CONVERSION = YES;
				GCC_WARN_ABOUT_RETURN_TYPE = YES_ERROR;
				GCC_WARN_UNDECLARED_SELECTOR = YES;
				GCC_WARN_UNINITIALIZED_AUTOS = YES_AGGRESSIVE;
				GCC_WARN_UNUSED_FUNCTION = YES;
				GCC_WARN_UNUSED_VARIABLE = YES;
				MACOSX_DEPLOYMENT_TARGET = 11.3;
				MTL_ENABLE_DEBUG_INFO = INCLUDE_SOURCE;
				MTL_FAST_MATH = YES;
				ONLY_ACTIVE_ARCH = YES;
				SDKROOT = macosx;
				SWIFT_ACTIVE_COMPILATION_CONDITIONS = DEBUG;
				SWIFT_OPTIMIZATION_LEVEL = "-Onone";
			};
			name = Debug;
		};
		1BEA09DC275802E300577B97 /* Release */ = {
			isa = XCBuildConfiguration;
			buildSettings = {
				ALWAYS_SEARCH_USER_PATHS = NO;
				CLANG_ANALYZER_NONNULL = YES;
				CLANG_ANALYZER_NUMBER_OBJECT_CONVERSION = YES_AGGRESSIVE;
				CLANG_CXX_LANGUAGE_STANDARD = "gnu++17";
				CLANG_CXX_LIBRARY = "libc++";
				CLANG_ENABLE_MODULES = YES;
				CLANG_ENABLE_OBJC_ARC = YES;
				CLANG_ENABLE_OBJC_WEAK = YES;
				CLANG_WARN_BLOCK_CAPTURE_AUTORELEASING = YES;
				CLANG_WARN_BOOL_CONVERSION = YES;
				CLANG_WARN_COMMA = YES;
				CLANG_WARN_CONSTANT_CONVERSION = YES;
				CLANG_WARN_DEPRECATED_OBJC_IMPLEMENTATIONS = YES;
				CLANG_WARN_DIRECT_OBJC_ISA_USAGE = YES_ERROR;
				CLANG_WARN_DOCUMENTATION_COMMENTS = YES;
				CLANG_WARN_EMPTY_BODY = YES;
				CLANG_WARN_ENUM_CONVERSION = YES;
				CLANG_WARN_INFINITE_RECURSION = YES;
				CLANG_WARN_INT_CONVERSION = YES;
				CLANG_WARN_NON_LITERAL_NULL_CONVERSION = YES;
				CLANG_WARN_OBJC_IMPLICIT_RETAIN_SELF = YES;
				CLANG_WARN_OBJC_LITERAL_CONVERSION = YES;
				CLANG_WARN_OBJC_ROOT_CLASS = YES_ERROR;
				CLANG_WARN_QUOTED_INCLUDE_IN_FRAMEWORK_HEADER = YES;
				CLANG_WARN_RANGE_LOOP_ANALYSIS = YES;
				CLANG_WARN_STRICT_PROTOTYPES = YES;
				CLANG_WARN_SUSPICIOUS_MOVE = YES;
				CLANG_WARN_UNGUARDED_AVAILABILITY = YES_AGGRESSIVE;
				CLANG_WARN_UNREACHABLE_CODE = YES;
				CLANG_WARN__DUPLICATE_METHOD_MATCH = YES;
				COPY_PHASE_STRIP = NO;
				DEBUG_INFORMATION_FORMAT = "dwarf-with-dsym";
				ENABLE_NS_ASSERTIONS = NO;
				ENABLE_STRICT_OBJC_MSGSEND = YES;
				GCC_C_LANGUAGE_STANDARD = gnu11;
				GCC_NO_COMMON_BLOCKS = YES;
				GCC_WARN_64_TO_32_BIT_CONVERSION = YES;
				GCC_WARN_ABOUT_RETURN_TYPE = YES_ERROR;
				GCC_WARN_UNDECLARED_SELECTOR = YES;
				GCC_WARN_UNINITIALIZED_AUTOS = YES_AGGRESSIVE;
				GCC_WARN_UNUSED_FUNCTION = YES;
				GCC_WARN_UNUSED_VARIABLE = YES;
				MACOSX_DEPLOYMENT_TARGET = 11.3;
				MTL_ENABLE_DEBUG_INFO = NO;
				MTL_FAST_MATH = YES;
				SDKROOT = macosx;
				SWIFT_COMPILATION_MODE = wholemodule;
				SWIFT_OPTIMIZATION_LEVEL = "-O";
			};
			name = Release;
		};
		1BEA09DE275802E300577B97 /* Debug */ = {
			isa = XCBuildConfiguration;
			buildSettings = {
				CODE_SIGN_STYLE = Automatic;
				PRODUCT_NAME = "$(TARGET_NAME)";
				SWIFT_VERSION = 5.0;
			};
			name = Debug;
		};
		1BEA09DF275802E300577B97 /* Release */ = {
			isa = XCBuildConfiguration;
			buildSettings = {
				CODE_SIGN_STYLE = Automatic;
				PRODUCT_NAME = "$(TARGET_NAME)";
				SWIFT_VERSION = 5.0;
			};
			name = Release;
		};
		1BEA09FB27594A0200577B97 /* Debug */ = {
			isa = XCBuildConfiguration;
			buildSettings = {
				CODE_SIGN_STYLE = Automatic;
				COMBINE_HIDPI_IMAGES = YES;
				CURRENT_PROJECT_VERSION = 1;
				GENERATE_INFOPLIST_FILE = YES;
				LD_RUNPATH_SEARCH_PATHS = (
					"$(inherited)",
					"@executable_path/../Frameworks",
					"@loader_path/../Frameworks",
				);
				MARKETING_VERSION = 1.0;
				PRODUCT_BUNDLE_IDENTIFIER = nl.inspiro.AdventOfCode2021Test;
				PRODUCT_NAME = "$(TARGET_NAME)";
				SWIFT_EMIT_LOC_STRINGS = NO;
				SWIFT_VERSION = 5.0;
			};
			name = Debug;
		};
		1BEA09FC27594A0200577B97 /* Release */ = {
			isa = XCBuildConfiguration;
			buildSettings = {
				CODE_SIGN_STYLE = Automatic;
				COMBINE_HIDPI_IMAGES = YES;
				CURRENT_PROJECT_VERSION = 1;
				GENERATE_INFOPLIST_FILE = YES;
				LD_RUNPATH_SEARCH_PATHS = (
					"$(inherited)",
					"@executable_path/../Frameworks",
					"@loader_path/../Frameworks",
				);
				MARKETING_VERSION = 1.0;
				PRODUCT_BUNDLE_IDENTIFIER = nl.inspiro.AdventOfCode2021Test;
				PRODUCT_NAME = "$(TARGET_NAME)";
				SWIFT_EMIT_LOC_STRINGS = NO;
				SWIFT_VERSION = 5.0;
			};
			name = Release;
		};
/* End XCBuildConfiguration section */

/* Begin XCConfigurationList section */
		1BEA09D1275802E300577B97 /* Build configuration list for PBXProject "AdventOfCode2021" */ = {
			isa = XCConfigurationList;
			buildConfigurations = (
				1BEA09DB275802E300577B97 /* Debug */,
				1BEA09DC275802E300577B97 /* Release */,
			);
			defaultConfigurationIsVisible = 0;
			defaultConfigurationName = Release;
		};
		1BEA09DD275802E300577B97 /* Build configuration list for PBXNativeTarget "AdventOfCode2021" */ = {
			isa = XCConfigurationList;
			buildConfigurations = (
				1BEA09DE275802E300577B97 /* Debug */,
				1BEA09DF275802E300577B97 /* Release */,
			);
			defaultConfigurationIsVisible = 0;
			defaultConfigurationName = Release;
		};
		1BEA09FA27594A0200577B97 /* Build configuration list for PBXNativeTarget "AdventOfCode2021Test" */ = {
			isa = XCConfigurationList;
			buildConfigurations = (
				1BEA09FB27594A0200577B97 /* Debug */,
				1BEA09FC27594A0200577B97 /* Release */,
			);
			defaultConfigurationIsVisible = 0;
			defaultConfigurationName = Release;
		};
/* End XCConfigurationList section */
	};
	rootObject = 1BEA09CE275802E300577B97 /* Project object */;
}
